
Microsoft Visual Studio Solution File, Format Version 12.00
# Visual Studio Version 17
VisualStudioVersion = 17.2.32526.322
MinimumVisualStudioVersion = 10.0.40219.1
Project("{9A19103F-16F7-4668-BE54-9A1E7A4F7556}") = "Rossan.Azure.BlobStore", "Rossan.Azure.BlobStore\Rossan.Azure.BlobStore.csproj", "{8FB7434C-CF5B-46AD-9CDE-5D5386C4D9E1}"
EndProject
Project("{2150E333-8FDC-42A3-9474-1A3956D46DE8}") = "Librariry", "Librariry", "{94833423-2492-419C-B300-0F97B14F8DEC}"
EndProject
Project("{2150E333-8FDC-42A3-9474-1A3956D46DE8}") = "App", "App", "{68E51AB8-B642-4C1B-9CDE-4A314B34E8DB}"
EndProject
Project("{9A19103F-16F7-4668-BE54-9A1E7A4F7556}") = "Azure.BlobStore", "Azure.BlobStore\Azure.BlobStore.csproj", "{8CB2D36F-6559-4E76-8083-68E66DD349B3}"
EndProject
Project("{9A19103F-16F7-4668-BE54-9A1E7A4F7556}") = "Rossan.Azure.TableStarage", "Rossan.Azure.TableStarage\Rossan.Azure.TableStarage.csproj", "{4248F340-422A-4EB9-814C-62DBF60A3645}"
EndProject
Project("{2150E333-8FDC-42A3-9474-1A3956D46DE8}") = "FunctionApp", "FunctionApp", "{85757F49-BB7D-4766-A1C2-AB2BFA045F73}"
EndProject
Project("{9A19103F-16F7-4668-BE54-9A1E7A4F7556}") = "Azure.TableStorage", "Azure.TableStorage\Azure.TableStorage.csproj", "{EC681BF1-BB6C-4B2E-98B0-DF00E8D291DE}"
EndProject
Project("{2150E333-8FDC-42A3-9474-1A3956D46DE8}") = "Models", "Models", "{79EC96A7-DBDD-4DEC-81F1-71C2CF42D822}"
EndProject
Project("{9A19103F-16F7-4668-BE54-9A1E7A4F7556}") = "Azure.Data.Model", "Azure.Data.Model\Azure.Data.Model.csproj", "{7B517CEF-7546-48E4-AA41-16150E35C1FF}"
EndProject
Project("{9A19103F-16F7-4668-BE54-9A1E7A4F7556}") = "Rossan.Azure.CosmosDB", "Rossan.Azure.CosmosDB\Rossan.Azure.CosmosDB.csproj", "{DAEC79EB-1301-4671-A076-AC29FC57D9FE}"
EndProject
Project("{9A19103F-16F7-4668-BE54-9A1E7A4F7556}") = "FunctionApp.Azure.CosmosDb", "FunctionApp.Azure.CosmosDb\FunctionApp.Azure.CosmosDb.csproj", "{F48DC0D2-7DB8-43BE-ABB8-A1F9E0F21097}"
EndProject
Project("{2150E333-8FDC-42A3-9474-1A3956D46DE8}") = "Managers", "Managers", "{9CAF71AC-0160-4E1E-949F-204FD3941AC2}"
EndProject
Project("{9A19103F-16F7-4668-BE54-9A1E7A4F7556}") = "CosmosDb.Manager", "CosmosDb.Manager\CosmosDb.Manager.csproj", "{BE0AABD6-1CEB-4796-BB91-0DF1B92E7169}"
EndProject
Project("{9A19103F-16F7-4668-BE54-9A1E7A4F7556}") = "Rossan.Azure.KeyVault", "Rossan.Azure.KeyVault\Rossan.Azure.KeyVault.csproj", "{69560958-0A6F-4815-9E7E-EE7E41196857}"
EndProject
Project("{FAE04EC0-301F-11D3-BF4B-00C04F79EFBC}") = "FunctionApp.Azure.KeyVault", "FunctionApp.Azure.KeyVault\FunctionApp.Azure.KeyVault.csproj", "{9BBB9298-82E4-4292-9A90-9E3705242C18}"
EndProject
Global
	GlobalSection(SolutionConfigurationPlatforms) = preSolution
		Debug|Any CPU = Debug|Any CPU
		Release|Any CPU = Release|Any CPU
	EndGlobalSection
	GlobalSection(ProjectConfigurationPlatforms) = postSolution
		{8FB7434C-CF5B-46AD-9CDE-5D5386C4D9E1}.Debug|Any CPU.ActiveCfg = Debug|Any CPU
		{8FB7434C-CF5B-46AD-9CDE-5D5386C4D9E1}.Debug|Any CPU.Build.0 = Debug|Any CPU
		{8FB7434C-CF5B-46AD-9CDE-5D5386C4D9E1}.Release|Any CPU.ActiveCfg = Release|Any CPU
		{8FB7434C-CF5B-46AD-9CDE-5D5386C4D9E1}.Release|Any CPU.Build.0 = Release|Any CPU
		{8CB2D36F-6559-4E76-8083-68E66DD349B3}.Debug|Any CPU.ActiveCfg = Debug|Any CPU
		{8CB2D36F-6559-4E76-8083-68E66DD349B3}.Debug|Any CPU.Build.0 = Debug|Any CPU
		{8CB2D36F-6559-4E76-8083-68E66DD349B3}.Release|Any CPU.ActiveCfg = Release|Any CPU
		{8CB2D36F-6559-4E76-8083-68E66DD349B3}.Release|Any CPU.Build.0 = Release|Any CPU
		{4248F340-422A-4EB9-814C-62DBF60A3645}.Debug|Any CPU.ActiveCfg = Debug|Any CPU
		{4248F340-422A-4EB9-814C-62DBF60A3645}.Debug|Any CPU.Build.0 = Debug|Any CPU
		{4248F340-422A-4EB9-814C-62DBF60A3645}.Release|Any CPU.ActiveCfg = Release|Any CPU
		{4248F340-422A-4EB9-814C-62DBF60A3645}.Release|Any CPU.Build.0 = Release|Any CPU
		{EC681BF1-BB6C-4B2E-98B0-DF00E8D291DE}.Debug|Any CPU.ActiveCfg = Debug|Any CPU
		{EC681BF1-BB6C-4B2E-98B0-DF00E8D291DE}.Debug|Any CPU.Build.0 = Debug|Any CPU
		{EC681BF1-BB6C-4B2E-98B0-DF00E8D291DE}.Release|Any CPU.ActiveCfg = Release|Any CPU
		{EC681BF1-BB6C-4B2E-98B0-DF00E8D291DE}.Release|Any CPU.Build.0 = Release|Any CPU
		{7B517CEF-7546-48E4-AA41-16150E35C1FF}.Debug|Any CPU.ActiveCfg = Debug|Any CPU
		{7B517CEF-7546-48E4-AA41-16150E35C1FF}.Debug|Any CPU.Build.0 = Debug|Any CPU
		{7B517CEF-7546-48E4-AA41-16150E35C1FF}.Release|Any CPU.ActiveCfg = Release|Any CPU
		{7B517CEF-7546-48E4-AA41-16150E35C1FF}.Release|Any CPU.Build.0 = Release|Any CPU
		{DAEC79EB-1301-4671-A076-AC29FC57D9FE}.Debug|Any CPU.ActiveCfg = Debug|Any CPU
		{DAEC79EB-1301-4671-A076-AC29FC57D9FE}.Debug|Any CPU.Build.0 = Debug|Any CPU
		{DAEC79EB-1301-4671-A076-AC29FC57D9FE}.Release|Any CPU.ActiveCfg = Release|Any CPU
		{DAEC79EB-1301-4671-A076-AC29FC57D9FE}.Release|Any CPU.Build.0 = Release|Any CPU
		{F48DC0D2-7DB8-43BE-ABB8-A1F9E0F21097}.Debug|Any CPU.ActiveCfg = Debug|Any CPU
		{F48DC0D2-7DB8-43BE-ABB8-A1F9E0F21097}.Debug|Any CPU.Build.0 = Debug|Any CPU
		{F48DC0D2-7DB8-43BE-ABB8-A1F9E0F21097}.Release|Any CPU.ActiveCfg = Release|Any CPU
		{F48DC0D2-7DB8-43BE-ABB8-A1F9E0F21097}.Release|Any CPU.Build.0 = Release|Any CPU
		{BE0AABD6-1CEB-4796-BB91-0DF1B92E7169}.Debug|Any CPU.ActiveCfg = Debug|Any CPU
		{BE0AABD6-1CEB-4796-BB91-0DF1B92E7169}.Debug|Any CPU.Build.0 = Debug|Any CPU
		{BE0AABD6-1CEB-4796-BB91-0DF1B92E7169}.Release|Any CPU.ActiveCfg = Release|Any CPU
		{BE0AABD6-1CEB-4796-BB91-0DF1B92E7169}.Release|Any CPU.Build.0 = Release|Any CPU
		{69560958-0A6F-4815-9E7E-EE7E41196857}.Debug|Any CPU.ActiveCfg = Debug|Any CPU
		{69560958-0A6F-4815-9E7E-EE7E41196857}.Debug|Any CPU.Build.0 = Debug|Any CPU
		{69560958-0A6F-4815-9E7E-EE7E41196857}.Release|Any CPU.ActiveCfg = Release|Any CPU
		{69560958-0A6F-4815-9E7E-EE7E41196857}.Release|Any CPU.Build.0 = Release|Any CPU
		{9BBB9298-82E4-4292-9A90-9E3705242C18}.Debug|Any CPU.ActiveCfg = Debug|Any CPU
		{9BBB9298-82E4-4292-9A90-9E3705242C18}.Debug|Any CPU.Build.0 = Debug|Any CPU
		{9BBB9298-82E4-4292-9A90-9E3705242C18}.Release|Any CPU.ActiveCfg = Release|Any CPU
		{9BBB9298-82E4-4292-9A90-9E3705242C18}.Release|Any CPU.Build.0 = Release|Any CPU
	EndGlobalSection
	GlobalSection(SolutionProperties) = preSolution
		HideSolutionNode = FALSE
	EndGlobalSection
	GlobalSection(NestedProjects) = preSolution
		{8FB7434C-CF5B-46AD-9CDE-5D5386C4D9E1} = {94833423-2492-419C-B300-0F97B14F8DEC}
		{8CB2D36F-6559-4E76-8083-68E66DD349B3} = {68E51AB8-B642-4C1B-9CDE-4A314B34E8DB}
		{4248F340-422A-4EB9-814C-62DBF60A3645} = {94833423-2492-419C-B300-0F97B14F8DEC}
		{EC681BF1-BB6C-4B2E-98B0-DF00E8D291DE} = {85757F49-BB7D-4766-A1C2-AB2BFA045F73}
		{7B517CEF-7546-48E4-AA41-16150E35C1FF} = {79EC96A7-DBDD-4DEC-81F1-71C2CF42D822}
		{DAEC79EB-1301-4671-A076-AC29FC57D9FE} = {94833423-2492-419C-B300-0F97B14F8DEC}
		{F48DC0D2-7DB8-43BE-ABB8-A1F9E0F21097} = {85757F49-BB7D-4766-A1C2-AB2BFA045F73}
		{BE0AABD6-1CEB-4796-BB91-0DF1B92E7169} = {9CAF71AC-0160-4E1E-949F-204FD3941AC2}
		{69560958-0A6F-4815-9E7E-EE7E41196857} = {94833423-2492-419C-B300-0F97B14F8DEC}
		{9BBB9298-82E4-4292-9A90-9E3705242C18} = {85757F49-BB7D-4766-A1C2-AB2BFA045F73}
	EndGlobalSection
	GlobalSection(ExtensibilityGlobals) = postSolution
		SolutionGuid = {C8AF30C9-F953-4E6F-BA03-E4C45C02B737}
	EndGlobalSection
EndGlobal
